
Microsoft Visual Studio Solution File, Format Version 12.00
# Visual Studio Version 17
VisualStudioVersion = 17.0.32014.148
MinimumVisualStudioVersion = 10.0.40219.1
Project("{FAE04EC0-301F-11D3-BF4B-00C04F79EFBC}") = "WeAreTheChampions", "WeAreTheChampions\WeAreTheChampions.csproj", "{754DEE54-46F6-4BE5-8016-2BB795763245}"
EndProject
Global
	GlobalSection(SolutionConfigurationPlatforms) = preSolution
		Debug|Any CPU = Debug|Any CPU
		Release|Any CPU = Release|Any CPU
	EndGlobalSection
	GlobalSection(ProjectConfigurationPlatforms) = postSolution
		{754DEE54-46F6-4BE5-8016-2BB795763245}.Debug|Any CPU.ActiveCfg = Debug|Any CPU
		{754DEE54-46F6-4BE5-8016-2BB795763245}.Debug|Any CPU.Build.0 = Debug|Any CPU
		{754DEE54-46F6-4BE5-8016-2BB795763245}.Release|Any CPU.ActiveCfg = Release|Any CPU
		{754DEE54-46F6-4BE5-8016-2BB795763245}.Release|Any CPU.Build.0 = Release|Any CPU
	EndGlobalSection
	GlobalSection(SolutionProperties) = preSolution
		HideSolutionNode = FALSE
	EndGlobalSection
	GlobalSection(ExtensibilityGlobals) = postSolution
		SolutionGuid = {11A14AD0-4665-493D-BE15-D3AE6A85808E}
	EndGlobalSection
EndGlobal
